
Microsoft Visual Studio Solution File, Format Version 12.00
# Visual Studio Version 17
VisualStudioVersion = 17.3.32825.248
MinimumVisualStudioVersion = 10.0.40219.1
Project("{9A19103F-16F7-4668-BE54-9A1E7A4F7556}") = "MatrixUtils", "CSharp Task 3\MatrixUtils.csproj", "{39DFE134-228A-4EAC-8191-D16359EE46DD}"
EndProject
Global
	GlobalSection(SolutionConfigurationPlatforms) = preSolution
		Debug|Any CPU = Debug|Any CPU
		Release|Any CPU = Release|Any CPU
	EndGlobalSection
	GlobalSection(ProjectConfigurationPlatforms) = postSolution
		{39DFE134-228A-4EAC-8191-D16359EE46DD}.Debug|Any CPU.ActiveCfg = Debug|Any CPU
		{39DFE134-228A-4EAC-8191-D16359EE46DD}.Debug|Any CPU.Build.0 = Debug|Any CPU
		{39DFE134-228A-4EAC-8191-D16359EE46DD}.Release|Any CPU.ActiveCfg = Release|Any CPU
		{39DFE134-228A-4EAC-8191-D16359EE46DD}.Release|Any CPU.Build.0 = Release|Any CPU
	EndGlobalSection
	GlobalSection(SolutionProperties) = preSolution
		HideSolutionNode = FALSE
	EndGlobalSection
	GlobalSection(ExtensibilityGlobals) = postSolution
		SolutionGuid = {D9DE520A-4D5E-47E2-AF77-04A24AA411D3}
	EndGlobalSection
EndGlobal
